{
  "name": "gameoflife",
  "version": "1.0.0",
  "lockfileVersion": 1,
  "requires": true,
  "dependencies": {
    "utilsac": {
      "version": "12.3.1",
      "resolved": "https://registry.npmjs.org/utilsac/-/utilsac-12.3.1.tgz",
      "integrity": "sha512-Ap2B8iqEjuZx8u+ySNcCvWz4C2Ji5dKLgUYe3oLvFTeScDnS9Y+5WF8foPyKMTjWEhGie0Q9Bkn94QlkOQk2oA=="
    }
  }
}
